
Microsoft Visual Studio Solution File, Format Version 12.00
# Visual Studio 15
VisualStudioVersion = 15.0.28010.2046
MinimumVisualStudioVersion = 10.0.40219.1
Project("{8BC9CEB8-8B4A-11D0-8D11-00A0C91BC942}") = "test_vtk", "test_vtk\test_vtk.vcxproj", "{294B9AD7-FE08-44E0-80E9-678A24760A36}"
EndProject
Global
	GlobalSection(SolutionConfigurationPlatforms) = preSolution
		Debug|ARM = Debug|ARM
		Debug|hybrid_X86_ARM64X64 = Debug|hybrid_X86_ARM64X64
		Debug|x64 = Debug|x64
		Debug|x86 = Debug|x86
		Release|ARM = Release|ARM
		Release|hybrid_X86_ARM64X64 = Release|hybrid_X86_ARM64X64
		Release|x64 = Release|x64
		Release|x86 = Release|x86
	EndGlobalSection
	GlobalSection(ProjectConfigurationPlatforms) = postSolution
		{294B9AD7-FE08-44E0-80E9-678A24760A36}.Debug|ARM.ActiveCfg = Debug|ARM
		{294B9AD7-FE08-44E0-80E9-678A24760A36}.Debug|ARM.Build.0 = Debug|ARM
		{294B9AD7-FE08-44E0-80E9-678A24760A36}.Debug|hybrid_X86_ARM64X64.ActiveCfg = Debug|x64
		{294B9AD7-FE08-44E0-80E9-678A24760A36}.Debug|hybrid_X86_ARM64X64.Build.0 = Debug|x64
		{294B9AD7-FE08-44E0-80E9-678A24760A36}.Debug|x64.ActiveCfg = Debug|x64
		{294B9AD7-FE08-44E0-80E9-678A24760A36}.Debug|x64.Build.0 = Debug|x64
		{294B9AD7-FE08-44E0-80E9-678A24760A36}.Debug|x86.ActiveCfg = Debug|Win32
		{294B9AD7-FE08-44E0-80E9-678A24760A36}.Debug|x86.Build.0 = Debug|Win32
		{294B9AD7-FE08-44E0-80E9-678A24760A36}.Release|ARM.ActiveCfg = Release|ARM
		{294B9AD7-FE08-44E0-80E9-678A24760A36}.Release|ARM.Build.0 = Release|ARM
		{294B9AD7-FE08-44E0-80E9-678A24760A36}.Release|hybrid_X86_ARM64X64.ActiveCfg = Release|x64
		{294B9AD7-FE08-44E0-80E9-678A24760A36}.Release|hybrid_X86_ARM64X64.Build.0 = Release|x64
		{294B9AD7-FE08-44E0-80E9-678A24760A36}.Release|x64.ActiveCfg = Release|x64
		{294B9AD7-FE08-44E0-80E9-678A24760A36}.Release|x64.Build.0 = Release|x64
		{294B9AD7-FE08-44E0-80E9-678A24760A36}.Release|x86.ActiveCfg = Release|Win32
		{294B9AD7-FE08-44E0-80E9-678A24760A36}.Release|x86.Build.0 = Release|Win32
	EndGlobalSection
	GlobalSection(SolutionProperties) = preSolution
		HideSolutionNode = FALSE
	EndGlobalSection
	GlobalSection(ExtensibilityGlobals) = postSolution
		SolutionGuid = {6853B28D-3C84-4C3E-946C-4C749A5307B8}
	EndGlobalSection
EndGlobal
